
Microsoft Visual Studio Solution File, Format Version 12.00
# Visual Studio Version 17
VisualStudioVersion = 17.0.31903.59
MinimumVisualStudioVersion = 10.0.40219.1
Project("{FAE04EC0-301F-11D3-BF4B-00C04F79EFBC}") = "Shopify.Core", "Shopify.Core\Shopify.Core.csproj", "{333916BB-068E-45E6-B6B2-FA88D600BC2D}"
EndProject
Project("{FAE04EC0-301F-11D3-BF4B-00C04F79EFBC}") = "Shopify.Service", "Shopify.Service\Shopify.Service.csproj", "{70ED2C8A-C56B-4349-9ACB-613E673667F0}"
EndProject
Project("{FAE04EC0-301F-11D3-BF4B-00C04F79EFBC}") = "Shopify.Controller", "Shopify.Controller\Shopify.Controller.csproj", "{3814E5FE-7495-4F66-A409-D8D41023BBA3}"
EndProject
Project("{FAE04EC0-301F-11D3-BF4B-00C04F79EFBC}") = "Shopify.WebAPI", "Shopify.WebAPI\Shopify.WebAPI.csproj", "{62D10C3D-2C29-4427-A1DF-61540B9F2972}"
EndProject
Project("{FAE04EC0-301F-11D3-BF4B-00C04F79EFBC}") = "Shopify.Test", "Shopify.Test\Shopify.Test.csproj", "{E4FAA1CD-C45A-4602-8C07-268B1F22FB6B}"
EndProject
Global
	GlobalSection(SolutionConfigurationPlatforms) = preSolution
		Debug|Any CPU = Debug|Any CPU
		Release|Any CPU = Release|Any CPU
	EndGlobalSection
	GlobalSection(SolutionProperties) = preSolution
		HideSolutionNode = FALSE
	EndGlobalSection
	GlobalSection(ProjectConfigurationPlatforms) = postSolution
		{333916BB-068E-45E6-B6B2-FA88D600BC2D}.Debug|Any CPU.ActiveCfg = Debug|Any CPU
		{333916BB-068E-45E6-B6B2-FA88D600BC2D}.Debug|Any CPU.Build.0 = Debug|Any CPU
		{333916BB-068E-45E6-B6B2-FA88D600BC2D}.Release|Any CPU.ActiveCfg = Release|Any CPU
		{333916BB-068E-45E6-B6B2-FA88D600BC2D}.Release|Any CPU.Build.0 = Release|Any CPU
		{70ED2C8A-C56B-4349-9ACB-613E673667F0}.Debug|Any CPU.ActiveCfg = Debug|Any CPU
		{70ED2C8A-C56B-4349-9ACB-613E673667F0}.Debug|Any CPU.Build.0 = Debug|Any CPU
		{70ED2C8A-C56B-4349-9ACB-613E673667F0}.Release|Any CPU.ActiveCfg = Release|Any CPU
		{70ED2C8A-C56B-4349-9ACB-613E673667F0}.Release|Any CPU.Build.0 = Release|Any CPU
		{3814E5FE-7495-4F66-A409-D8D41023BBA3}.Debug|Any CPU.ActiveCfg = Debug|Any CPU
		{3814E5FE-7495-4F66-A409-D8D41023BBA3}.Debug|Any CPU.Build.0 = Debug|Any CPU
		{3814E5FE-7495-4F66-A409-D8D41023BBA3}.Release|Any CPU.ActiveCfg = Release|Any CPU
		{3814E5FE-7495-4F66-A409-D8D41023BBA3}.Release|Any CPU.Build.0 = Release|Any CPU
		{62D10C3D-2C29-4427-A1DF-61540B9F2972}.Debug|Any CPU.ActiveCfg = Debug|Any CPU
		{62D10C3D-2C29-4427-A1DF-61540B9F2972}.Debug|Any CPU.Build.0 = Debug|Any CPU
		{62D10C3D-2C29-4427-A1DF-61540B9F2972}.Release|Any CPU.ActiveCfg = Release|Any CPU
		{62D10C3D-2C29-4427-A1DF-61540B9F2972}.Release|Any CPU.Build.0 = Release|Any CPU
		{E4FAA1CD-C45A-4602-8C07-268B1F22FB6B}.Debug|Any CPU.ActiveCfg = Debug|Any CPU
		{E4FAA1CD-C45A-4602-8C07-268B1F22FB6B}.Debug|Any CPU.Build.0 = Debug|Any CPU
		{E4FAA1CD-C45A-4602-8C07-268B1F22FB6B}.Release|Any CPU.ActiveCfg = Release|Any CPU
		{E4FAA1CD-C45A-4602-8C07-268B1F22FB6B}.Release|Any CPU.Build.0 = Release|Any CPU
	EndGlobalSection
EndGlobal
